// !$*UTF8*$!
{
	archiveVersion = 1;
	classes = {
	};
	objectVersion = 60;
	objects = {

/* Begin PBXBuildFile section */
		301CB9872C4F0F3100A0D85E /* TeamPulseAlphaApp.swift in Sources */ = {isa = PBXBuildFile; fileRef = 301CB9862C4F0F3100A0D85E /* TeamPulseAlphaApp.swift */; };
		301CB98B2C4F0F3200A0D85E /* Assets.xcassets in Resources */ = {isa = PBXBuildFile; fileRef = 301CB98A2C4F0F3200A0D85E /* Assets.xcassets */; };
		301CB98E2C4F0F3200A0D85E /* Preview Assets.xcassets in Resources */ = {isa = PBXBuildFile; fileRef = 301CB98D2C4F0F3200A0D85E /* Preview Assets.xcassets */; };
		301CB9982C4F0F3200A0D85E /* TeamPulseAlphaTests.swift in Sources */ = {isa = PBXBuildFile; fileRef = 301CB9972C4F0F3200A0D85E /* TeamPulseAlphaTests.swift */; };
		301CB9A22C4F0F3200A0D85E /* TeamPulseAlphaUITests.swift in Sources */ = {isa = PBXBuildFile; fileRef = 301CB9A12C4F0F3200A0D85E /* TeamPulseAlphaUITests.swift */; };
		301CB9A42C4F0F3200A0D85E /* TeamPulseAlphaUITestsLaunchTests.swift in Sources */ = {isa = PBXBuildFile; fileRef = 301CB9A32C4F0F3200A0D85E /* TeamPulseAlphaUITestsLaunchTests.swift */; };
		301CB9B82C4F1A1100A0D85E /* TeamPulseModel.xcdatamodeld in Sources */ = {isa = PBXBuildFile; fileRef = 301CB9B62C4F1A1100A0D85E /* TeamPulseModel.xcdatamodeld */; };
		301CB9C62C4F1BAA00A0D85E /* CoreDataStack.swift in Sources */ = {isa = PBXBuildFile; fileRef = 301CB9C52C4F1BA900A0D85E /* CoreDataStack.swift */; };
		301CB9C82C4F1BC800A0D85E /* DataManager.swift in Sources */ = {isa = PBXBuildFile; fileRef = 301CB9C72C4F1BC500A0D85E /* DataManager.swift */; };
		30348A102C4F20C20041F47D /* AuthView.swift in Sources */ = {isa = PBXBuildFile; fileRef = 30348A0F2C4F20C20041F47D /* AuthView.swift */; };
		30348A132C4F20DC0041F47D /* MainMenuView.swift in Sources */ = {isa = PBXBuildFile; fileRef = 30348A122C4F20DC0041F47D /* MainMenuView.swift */; };
		30348A152C4F20F40041F47D /* DeviceConnectionView.swift in Sources */ = {isa = PBXBuildFile; fileRef = 30348A142C4F20F40041F47D /* DeviceConnectionView.swift */; };
		30348A192C4F21100041F47D /* SessionListView.swift in Sources */ = {isa = PBXBuildFile; fileRef = 30348A182C4F21100041F47D /* SessionListView.swift */; };
		30348A1B2C4F21260041F47D /* SettingsView.swift in Sources */ = {isa = PBXBuildFile; fileRef = 30348A1A2C4F21260041F47D /* SettingsView.swift */; };
		30567F7C2C4FF1E800A83322 /* AuthenticationManager.swift in Sources */ = {isa = PBXBuildFile; fileRef = 30567F7B2C4FF1E300A83322 /* AuthenticationManager.swift */; };
		305690F42C7B668000AA652F /* SensorSettingsComponent.swift in Sources */ = {isa = PBXBuildFile; fileRef = 305690F32C7B666E00AA652F /* SensorSettingsComponent.swift */; };
		305690F62C7B66AD00AA652F /* DataAuthManagementComponent.swift in Sources */ = {isa = PBXBuildFile; fileRef = 305690F52C7B66A600AA652F /* DataAuthManagementComponent.swift */; };
		306173D52C736EDD000BA239 /* AnimationView.swift in Sources */ = {isa = PBXBuildFile; fileRef = 306173D42C736ED8000BA239 /* AnimationView.swift */; };
		306173D72C736EFB000BA239 /* AnimationComponent.swift in Sources */ = {isa = PBXBuildFile; fileRef = 306173D62C736EF6000BA239 /* AnimationComponent.swift */; };
		306173D92C736F0E000BA239 /* BluetoothStatusComponent.swift in Sources */ = {isa = PBXBuildFile; fileRef = 306173D82C736F08000BA239 /* BluetoothStatusComponent.swift */; };
		306173DB2C736F24000BA239 /* SessionRecordingComponent.swift in Sources */ = {isa = PBXBuildFile; fileRef = 306173DA2C736F1E000BA239 /* SessionRecordingComponent.swift */; };
		306173DF2C73739D000BA239 /* SensorDataProcessing.swift in Sources */ = {isa = PBXBuildFile; fileRef = 306173DE2C737397000BA239 /* SensorDataProcessing.swift */; };
		306173F32C737ABD000BA239 /* CustomTransformers.swift in Sources */ = {isa = PBXBuildFile; fileRef = 306173F22C737ABA000BA239 /* CustomTransformers.swift */; };
		306174022C737C88000BA239 /* SessionManager.swift in Sources */ = {isa = PBXBuildFile; fileRef = 306174012C737C85000BA239 /* SessionManager.swift */; };
		3068C47F2C7A7A7F008C4A68 /* ClusterDataEvent+CoreDataClass.swift in Sources */ = {isa = PBXBuildFile; fileRef = 3068C4752C7A7A7F008C4A68 /* ClusterDataEvent+CoreDataClass.swift */; };
		3068C4802C7A7A7F008C4A68 /* ClusterDataEvent+CoreDataProperties.swift in Sources */ = {isa = PBXBuildFile; fileRef = 3068C4762C7A7A7F008C4A68 /* ClusterDataEvent+CoreDataProperties.swift */; };
		3068C4812C7A7A7F008C4A68 /* MatrixDataEvent+CoreDataClass.swift in Sources */ = {isa = PBXBuildFile; fileRef = 3068C4772C7A7A7F008C4A68 /* MatrixDataEvent+CoreDataClass.swift */; };
		3068C4822C7A7A7F008C4A68 /* MatrixDataEvent+CoreDataProperties.swift in Sources */ = {isa = PBXBuildFile; fileRef = 3068C4782C7A7A7F008C4A68 /* MatrixDataEvent+CoreDataProperties.swift */; };
		3068C4832C7A7A7F008C4A68 /* SensorDataEvent+CoreDataClass.swift in Sources */ = {isa = PBXBuildFile; fileRef = 3068C4792C7A7A7F008C4A68 /* SensorDataEvent+CoreDataClass.swift */; };
		3068C4842C7A7A7F008C4A68 /* SensorDataEvent+CoreDataProperties.swift in Sources */ = {isa = PBXBuildFile; fileRef = 3068C47A2C7A7A7F008C4A68 /* SensorDataEvent+CoreDataProperties.swift */; };
		3068C4852C7A7A7F008C4A68 /* SensorEntity+CoreDataClass.swift in Sources */ = {isa = PBXBuildFile; fileRef = 3068C47B2C7A7A7F008C4A68 /* SensorEntity+CoreDataClass.swift */; };
		3068C4862C7A7A7F008C4A68 /* SensorEntity+CoreDataProperties.swift in Sources */ = {isa = PBXBuildFile; fileRef = 3068C47C2C7A7A7F008C4A68 /* SensorEntity+CoreDataProperties.swift */; };
		3068C4872C7A7A7F008C4A68 /* SessionEntity+CoreDataClass.swift in Sources */ = {isa = PBXBuildFile; fileRef = 3068C47D2C7A7A7F008C4A68 /* SessionEntity+CoreDataClass.swift */; };
		3068C4882C7A7A7F008C4A68 /* SessionEntity+CoreDataProperties.swift in Sources */ = {isa = PBXBuildFile; fileRef = 3068C47E2C7A7A7F008C4A68 /* SessionEntity+CoreDataProperties.swift */; };
		3075C9232C7CDE3C006BB7B0 /* SessionDetailView.swift in Sources */ = {isa = PBXBuildFile; fileRef = 3075C9222C7CDE37006BB7B0 /* SessionDetailView.swift */; };
		3075C9252C7CDE51006BB7B0 /* SessionSensorDataDetailView.swift in Sources */ = {isa = PBXBuildFile; fileRef = 3075C9242C7CDE43006BB7B0 /* SessionSensorDataDetailView.swift */; };
		3075C9272C7CDE6D006BB7B0 /* SessionMatriceDataDetailView.swift in Sources */ = {isa = PBXBuildFile; fileRef = 3075C9262C7CDE57006BB7B0 /* SessionMatriceDataDetailView.swift */; };
		3075C9292C7CDE7A006BB7B0 /* SessionClusterDataDetailView.swift in Sources */ = {isa = PBXBuildFile; fileRef = 3075C9282C7CDE71006BB7B0 /* SessionClusterDataDetailView.swift */; };
		3075C92C2C7D1289006BB7B0 /* SessionSensorDataDetailRowView.swift in Sources */ = {isa = PBXBuildFile; fileRef = 3075C92B2C7D127A006BB7B0 /* SessionSensorDataDetailRowView.swift */; };
		3075C92E2C7D18F0006BB7B0 /* SessionSensorDataDetailLineHR.swift in Sources */ = {isa = PBXBuildFile; fileRef = 3075C92D2C7D18CF006BB7B0 /* SessionSensorDataDetailLineHR.swift */; };
		3075C9302C7D1905006BB7B0 /* SessionSensorDataDetailLineHRV.swift in Sources */ = {isa = PBXBuildFile; fileRef = 3075C92F2C7D18FE006BB7B0 /* SessionSensorDataDetailLineHRV.swift */; };
		3075C9322C7D190F006BB7B0 /* SessionSensorDataDetailLineIBI.swift in Sources */ = {isa = PBXBuildFile; fileRef = 3075C9312C7D1909006BB7B0 /* SessionSensorDataDetailLineIBI.swift */; };
		3075C9342C7D191B006BB7B0 /* SessionSensorDataDetailBoxplot.swift in Sources */ = {isa = PBXBuildFile; fileRef = 3075C9332C7D1913006BB7B0 /* SessionSensorDataDetailBoxplot.swift */; };
		30AEE3E12C513459000687F8 /* BluetoothManager.swift in Sources */ = {isa = PBXBuildFile; fileRef = 30AEE3E02C513455000687F8 /* BluetoothManager.swift */; };
		30B402F82C7A0C1600A84373 /* Storyboard.storyboard in Resources */ = {isa = PBXBuildFile; fileRef = 30B402F72C7A0C1600A84373 /* Storyboard.storyboard */; };
		30B402FB2C7A19E200A84373 /* AnimationLeftDashboardComponent.swift in Sources */ = {isa = PBXBuildFile; fileRef = 30B402FA2C7A19E200A84373 /* AnimationLeftDashboardComponent.swift */; };
		30B402FC2C7A19E200A84373 /* AnimationBottomDashboardComponent.swift in Sources */ = {isa = PBXBuildFile; fileRef = 30B402F92C7A19E200A84373 /* AnimationBottomDashboardComponent.swift */; };
		30CB166B2C77B4C90085AAEA /* PointcareMapComponent.swift in Sources */ = {isa = PBXBuildFile; fileRef = 30CB166A2C77B4C00085AAEA /* PointcareMapComponent.swift */; };
		30CB16702C78FDBB0085AAEA /* AnimationScene.swift in Sources */ = {isa = PBXBuildFile; fileRef = 30CB166F2C78FDB60085AAEA /* AnimationScene.swift */; };
		30CB16742C7906380085AAEA /* clusterSound.mp3 in Resources */ = {isa = PBXBuildFile; fileRef = 30CB16732C7906380085AAEA /* clusterSound.mp3 */; };
		30CB16752C7906380085AAEA /* backgroundMusic.mp3 in Resources */ = {isa = PBXBuildFile; fileRef = 30CB16722C7906380085AAEA /* backgroundMusic.mp3 */; };
		30EB9BC42C74A5EE007A619B /* BoxPlotComponent.swift in Sources */ = {isa = PBXBuildFile; fileRef = 30EB9BC32C74A5E3007A619B /* BoxPlotComponent.swift */; };
		30EB9BC62C74A60E007A619B /* ProximityRingChartComponent.swift in Sources */ = {isa = PBXBuildFile; fileRef = 30EB9BC52C74A607007A619B /* ProximityRingChartComponent.swift */; };
		30EB9BCB2C7500A5007A619B /* LineChartHRVComponent.swift in Sources */ = {isa = PBXBuildFile; fileRef = 30EB9BCA2C7500A5007A619B /* LineChartHRVComponent.swift */; };
		30EB9BCC2C7500A5007A619B /* LineChartHRComponent.swift in Sources */ = {isa = PBXBuildFile; fileRef = 30EB9BC92C7500A5007A619B /* LineChartHRComponent.swift */; };
/* End PBXBuildFile section */

/* Begin PBXContainerItemProxy section */
		301CB9942C4F0F3200A0D85E /* PBXContainerItemProxy */ = {
			isa = PBXContainerItemProxy;
			containerPortal = 301CB97B2C4F0F3100A0D85E /* Project object */;
			proxyType = 1;
			remoteGlobalIDString = 301CB9822C4F0F3100A0D85E;
			remoteInfo = TeamPulseAlpha;
		};
		301CB99E2C4F0F3200A0D85E /* PBXContainerItemProxy */ = {
			isa = PBXContainerItemProxy;
			containerPortal = 301CB97B2C4F0F3100A0D85E /* Project object */;
			proxyType = 1;
			remoteGlobalIDString = 301CB9822C4F0F3100A0D85E;
			remoteInfo = TeamPulseAlpha;
		};
/* End PBXContainerItemProxy section */

/* Begin PBXFileReference section */
		301CB9832C4F0F3100A0D85E /* TeamPulseAlpha.app */ = {isa = PBXFileReference; explicitFileType = wrapper.application; includeInIndex = 0; path = TeamPulseAlpha.app; sourceTree = BUILT_PRODUCTS_DIR; };
		301CB9862C4F0F3100A0D85E /* TeamPulseAlphaApp.swift */ = {isa = PBXFileReference; lastKnownFileType = sourcecode.swift; path = TeamPulseAlphaApp.swift; sourceTree = "<group>"; };
		301CB98A2C4F0F3200A0D85E /* Assets.xcassets */ = {isa = PBXFileReference; lastKnownFileType = folder.assetcatalog; path = Assets.xcassets; sourceTree = "<group>"; };
		301CB98D2C4F0F3200A0D85E /* Preview Assets.xcassets */ = {isa = PBXFileReference; lastKnownFileType = folder.assetcatalog; path = "Preview Assets.xcassets"; sourceTree = "<group>"; };
		301CB9932C4F0F3200A0D85E /* TeamPulseAlphaTests.xctest */ = {isa = PBXFileReference; explicitFileType = wrapper.cfbundle; includeInIndex = 0; path = TeamPulseAlphaTests.xctest; sourceTree = BUILT_PRODUCTS_DIR; };
		301CB9972C4F0F3200A0D85E /* TeamPulseAlphaTests.swift */ = {isa = PBXFileReference; lastKnownFileType = sourcecode.swift; path = TeamPulseAlphaTests.swift; sourceTree = "<group>"; };
		301CB99D2C4F0F3200A0D85E /* TeamPulseAlphaUITests.xctest */ = {isa = PBXFileReference; explicitFileType = wrapper.cfbundle; includeInIndex = 0; path = TeamPulseAlphaUITests.xctest; sourceTree = BUILT_PRODUCTS_DIR; };
		301CB9A12C4F0F3200A0D85E /* TeamPulseAlphaUITests.swift */ = {isa = PBXFileReference; lastKnownFileType = sourcecode.swift; path = TeamPulseAlphaUITests.swift; sourceTree = "<group>"; };
		301CB9A32C4F0F3200A0D85E /* TeamPulseAlphaUITestsLaunchTests.swift */ = {isa = PBXFileReference; lastKnownFileType = sourcecode.swift; path = TeamPulseAlphaUITestsLaunchTests.swift; sourceTree = "<group>"; };
		301CB9B42C4F148B00A0D85E /* TeamPulseAlpha.entitlements */ = {isa = PBXFileReference; lastKnownFileType = text.plist.entitlements; path = TeamPulseAlpha.entitlements; sourceTree = "<group>"; };
		301CB9B52C4F14CD00A0D85E /* Info.plist */ = {isa = PBXFileReference; lastKnownFileType = text.plist; path = Info.plist; sourceTree = "<group>"; };
		301CB9B72C4F1A1100A0D85E /* TeamPulseModel.xcdatamodel */ = {isa = PBXFileReference; lastKnownFileType = wrapper.xcdatamodel; path = TeamPulseModel.xcdatamodel; sourceTree = "<group>"; };
		301CB9C52C4F1BA900A0D85E /* CoreDataStack.swift */ = {isa = PBXFileReference; lastKnownFileType = sourcecode.swift; path = CoreDataStack.swift; sourceTree = "<group>"; };
		301CB9C72C4F1BC500A0D85E /* DataManager.swift */ = {isa = PBXFileReference; lastKnownFileType = sourcecode.swift; path = DataManager.swift; sourceTree = "<group>"; };
		30348A0F2C4F20C20041F47D /* AuthView.swift */ = {isa = PBXFileReference; lastKnownFileType = sourcecode.swift; path = AuthView.swift; sourceTree = "<group>"; };
		30348A122C4F20DC0041F47D /* MainMenuView.swift */ = {isa = PBXFileReference; lastKnownFileType = sourcecode.swift; path = MainMenuView.swift; sourceTree = "<group>"; };
		30348A142C4F20F40041F47D /* DeviceConnectionView.swift */ = {isa = PBXFileReference; lastKnownFileType = sourcecode.swift; path = DeviceConnectionView.swift; sourceTree = "<group>"; };
		30348A182C4F21100041F47D /* SessionListView.swift */ = {isa = PBXFileReference; lastKnownFileType = sourcecode.swift; path = SessionListView.swift; sourceTree = "<group>"; };
		30348A1A2C4F21260041F47D /* SettingsView.swift */ = {isa = PBXFileReference; lastKnownFileType = sourcecode.swift; path = SettingsView.swift; sourceTree = "<group>"; };
		30567F7B2C4FF1E300A83322 /* AuthenticationManager.swift */ = {isa = PBXFileReference; lastKnownFileType = sourcecode.swift; path = AuthenticationManager.swift; sourceTree = "<group>"; };
		305690F32C7B666E00AA652F /* SensorSettingsComponent.swift */ = {isa = PBXFileReference; lastKnownFileType = sourcecode.swift; path = SensorSettingsComponent.swift; sourceTree = "<group>"; };
		305690F52C7B66A600AA652F /* DataAuthManagementComponent.swift */ = {isa = PBXFileReference; lastKnownFileType = sourcecode.swift; path = DataAuthManagementComponent.swift; sourceTree = "<group>"; };
		306173D42C736ED8000BA239 /* AnimationView.swift */ = {isa = PBXFileReference; lastKnownFileType = sourcecode.swift; path = AnimationView.swift; sourceTree = "<group>"; };
		306173D62C736EF6000BA239 /* AnimationComponent.swift */ = {isa = PBXFileReference; lastKnownFileType = sourcecode.swift; path = AnimationComponent.swift; sourceTree = "<group>"; };
		306173D82C736F08000BA239 /* BluetoothStatusComponent.swift */ = {isa = PBXFileReference; lastKnownFileType = sourcecode.swift; path = BluetoothStatusComponent.swift; sourceTree = "<group>"; };
		306173DA2C736F1E000BA239 /* SessionRecordingComponent.swift */ = {isa = PBXFileReference; lastKnownFileType = sourcecode.swift; path = SessionRecordingComponent.swift; sourceTree = "<group>"; };
		306173DE2C737397000BA239 /* SensorDataProcessing.swift */ = {isa = PBXFileReference; lastKnownFileType = sourcecode.swift; path = SensorDataProcessing.swift; sourceTree = "<group>"; };
		306173F22C737ABA000BA239 /* CustomTransformers.swift */ = {isa = PBXFileReference; lastKnownFileType = sourcecode.swift; path = CustomTransformers.swift; sourceTree = "<group>"; };
		306174012C737C85000BA239 /* SessionManager.swift */ = {isa = PBXFileReference; lastKnownFileType = sourcecode.swift; path = SessionManager.swift; sourceTree = "<group>"; };
		3068C4752C7A7A7F008C4A68 /* ClusterDataEvent+CoreDataClass.swift */ = {isa = PBXFileReference; lastKnownFileType = sourcecode.swift; path = "ClusterDataEvent+CoreDataClass.swift"; sourceTree = "<group>"; };
		3068C4762C7A7A7F008C4A68 /* ClusterDataEvent+CoreDataProperties.swift */ = {isa = PBXFileReference; lastKnownFileType = sourcecode.swift; path = "ClusterDataEvent+CoreDataProperties.swift"; sourceTree = "<group>"; };
		3068C4772C7A7A7F008C4A68 /* MatrixDataEvent+CoreDataClass.swift */ = {isa = PBXFileReference; lastKnownFileType = sourcecode.swift; path = "MatrixDataEvent+CoreDataClass.swift"; sourceTree = "<group>"; };
		3068C4782C7A7A7F008C4A68 /* MatrixDataEvent+CoreDataProperties.swift */ = {isa = PBXFileReference; lastKnownFileType = sourcecode.swift; path = "MatrixDataEvent+CoreDataProperties.swift"; sourceTree = "<group>"; };
		3068C4792C7A7A7F008C4A68 /* SensorDataEvent+CoreDataClass.swift */ = {isa = PBXFileReference; lastKnownFileType = sourcecode.swift; path = "SensorDataEvent+CoreDataClass.swift"; sourceTree = "<group>"; };
		3068C47A2C7A7A7F008C4A68 /* SensorDataEvent+CoreDataProperties.swift */ = {isa = PBXFileReference; lastKnownFileType = sourcecode.swift; path = "SensorDataEvent+CoreDataProperties.swift"; sourceTree = "<group>"; };
		3068C47B2C7A7A7F008C4A68 /* SensorEntity+CoreDataClass.swift */ = {isa = PBXFileReference; lastKnownFileType = sourcecode.swift; path = "SensorEntity+CoreDataClass.swift"; sourceTree = "<group>"; };
		3068C47C2C7A7A7F008C4A68 /* SensorEntity+CoreDataProperties.swift */ = {isa = PBXFileReference; lastKnownFileType = sourcecode.swift; path = "SensorEntity+CoreDataProperties.swift"; sourceTree = "<group>"; };
		3068C47D2C7A7A7F008C4A68 /* SessionEntity+CoreDataClass.swift */ = {isa = PBXFileReference; lastKnownFileType = sourcecode.swift; path = "SessionEntity+CoreDataClass.swift"; sourceTree = "<group>"; };
		3068C47E2C7A7A7F008C4A68 /* SessionEntity+CoreDataProperties.swift */ = {isa = PBXFileReference; lastKnownFileType = sourcecode.swift; path = "SessionEntity+CoreDataProperties.swift"; sourceTree = "<group>"; };
		3075C9222C7CDE37006BB7B0 /* SessionDetailView.swift */ = {isa = PBXFileReference; lastKnownFileType = sourcecode.swift; path = SessionDetailView.swift; sourceTree = "<group>"; };
		3075C9242C7CDE43006BB7B0 /* SessionSensorDataDetailView.swift */ = {isa = PBXFileReference; lastKnownFileType = sourcecode.swift; path = SessionSensorDataDetailView.swift; sourceTree = "<group>"; };
		3075C9262C7CDE57006BB7B0 /* SessionMatriceDataDetailView.swift */ = {isa = PBXFileReference; lastKnownFileType = sourcecode.swift; path = SessionMatriceDataDetailView.swift; sourceTree = "<group>"; };
		3075C9282C7CDE71006BB7B0 /* SessionClusterDataDetailView.swift */ = {isa = PBXFileReference; lastKnownFileType = sourcecode.swift; path = SessionClusterDataDetailView.swift; sourceTree = "<group>"; };
		3075C92B2C7D127A006BB7B0 /* SessionSensorDataDetailRowView.swift */ = {isa = PBXFileReference; lastKnownFileType = sourcecode.swift; path = SessionSensorDataDetailRowView.swift; sourceTree = "<group>"; };
		3075C92D2C7D18CF006BB7B0 /* SessionSensorDataDetailLineHR.swift */ = {isa = PBXFileReference; lastKnownFileType = sourcecode.swift; path = SessionSensorDataDetailLineHR.swift; sourceTree = "<group>"; };
		3075C92F2C7D18FE006BB7B0 /* SessionSensorDataDetailLineHRV.swift */ = {isa = PBXFileReference; lastKnownFileType = sourcecode.swift; path = SessionSensorDataDetailLineHRV.swift; sourceTree = "<group>"; };
		3075C9312C7D1909006BB7B0 /* SessionSensorDataDetailLineIBI.swift */ = {isa = PBXFileReference; lastKnownFileType = sourcecode.swift; path = SessionSensorDataDetailLineIBI.swift; sourceTree = "<group>"; };
		3075C9332C7D1913006BB7B0 /* SessionSensorDataDetailBoxplot.swift */ = {isa = PBXFileReference; lastKnownFileType = sourcecode.swift; path = SessionSensorDataDetailBoxplot.swift; sourceTree = "<group>"; };
		30AEE3E02C513455000687F8 /* BluetoothManager.swift */ = {isa = PBXFileReference; lastKnownFileType = sourcecode.swift; path = BluetoothManager.swift; sourceTree = "<group>"; };
		30B402F72C7A0C1600A84373 /* Storyboard.storyboard */ = {isa = PBXFileReference; lastKnownFileType = file.storyboard; path = Storyboard.storyboard; sourceTree = "<group>"; };
		30B402F92C7A19E200A84373 /* AnimationBottomDashboardComponent.swift */ = {isa = PBXFileReference; lastKnownFileType = sourcecode.swift; path = AnimationBottomDashboardComponent.swift; sourceTree = "<group>"; };
		30B402FA2C7A19E200A84373 /* AnimationLeftDashboardComponent.swift */ = {isa = PBXFileReference; lastKnownFileType = sourcecode.swift; path = AnimationLeftDashboardComponent.swift; sourceTree = "<group>"; };
		30CB166A2C77B4C00085AAEA /* PointcareMapComponent.swift */ = {isa = PBXFileReference; lastKnownFileType = sourcecode.swift; path = PointcareMapComponent.swift; sourceTree = "<group>"; };
		30CB166F2C78FDB60085AAEA /* AnimationScene.swift */ = {isa = PBXFileReference; lastKnownFileType = sourcecode.swift; path = AnimationScene.swift; sourceTree = "<group>"; };
		30CB16722C7906380085AAEA /* backgroundMusic.mp3 */ = {isa = PBXFileReference; lastKnownFileType = audio.mp3; path = backgroundMusic.mp3; sourceTree = "<group>"; };
		30CB16732C7906380085AAEA /* clusterSound.mp3 */ = {isa = PBXFileReference; lastKnownFileType = audio.mp3; path = clusterSound.mp3; sourceTree = "<group>"; };
		30EB9BC32C74A5E3007A619B /* BoxPlotComponent.swift */ = {isa = PBXFileReference; lastKnownFileType = sourcecode.swift; path = BoxPlotComponent.swift; sourceTree = "<group>"; };
		30EB9BC52C74A607007A619B /* ProximityRingChartComponent.swift */ = {isa = PBXFileReference; lastKnownFileType = sourcecode.swift; path = ProximityRingChartComponent.swift; sourceTree = "<group>"; };
		30EB9BC92C7500A5007A619B /* LineChartHRComponent.swift */ = {isa = PBXFileReference; lastKnownFileType = sourcecode.swift; path = LineChartHRComponent.swift; sourceTree = "<group>"; };
		30EB9BCA2C7500A5007A619B /* LineChartHRVComponent.swift */ = {isa = PBXFileReference; lastKnownFileType = sourcecode.swift; path = LineChartHRVComponent.swift; sourceTree = "<group>"; };
/* End PBXFileReference section */

/* Begin PBXFrameworksBuildPhase section */
		301CB9802C4F0F3100A0D85E /* Frameworks */ = {
			isa = PBXFrameworksBuildPhase;
			buildActionMask = 2147483647;
			files = (
			);
			runOnlyForDeploymentPostprocessing = 0;
		};
		301CB9902C4F0F3200A0D85E /* Frameworks */ = {
			isa = PBXFrameworksBuildPhase;
			buildActionMask = 2147483647;
			files = (
			);
			runOnlyForDeploymentPostprocessing = 0;
		};
		301CB99A2C4F0F3200A0D85E /* Frameworks */ = {
			isa = PBXFrameworksBuildPhase;
			buildActionMask = 2147483647;
			files = (
			);
			runOnlyForDeploymentPostprocessing = 0;
		};
/* End PBXFrameworksBuildPhase section */

/* Begin PBXGroup section */
		301CB97A2C4F0F3100A0D85E = {
			isa = PBXGroup;
			children = (
				301CB9852C4F0F3100A0D85E /* TeamPulseAlpha */,
				301CB9962C4F0F3200A0D85E /* TeamPulseAlphaTests */,
				301CB9A02C4F0F3200A0D85E /* TeamPulseAlphaUITests */,
				301CB9842C4F0F3100A0D85E /* Products */,
			);
			sourceTree = "<group>";
		};
		301CB9842C4F0F3100A0D85E /* Products */ = {
			isa = PBXGroup;
			children = (
				301CB9832C4F0F3100A0D85E /* TeamPulseAlpha.app */,
				301CB9932C4F0F3200A0D85E /* TeamPulseAlphaTests.xctest */,
				301CB99D2C4F0F3200A0D85E /* TeamPulseAlphaUITests.xctest */,
			);
			name = Products;
			sourceTree = "<group>";
		};
		301CB9852C4F0F3100A0D85E /* TeamPulseAlpha */ = {
			isa = PBXGroup;
			children = (
				3075C9212C7CDE30006BB7B0 /* SessionDetail */,
				30CB16712C7906190085AAEA /* Audio */,
				30CB166E2C78FDB10085AAEA /* Scenes */,
				30EB9BBD2C74A576007A619B /* Dashboards */,
				306173D32C736ED2000BA239 /* Animation */,
				30567F812C4FF24600A83322 /* Settings */,
				30567F802C4FF23A00A83322 /* SessionList */,
				30567F7E2C4FF20400A83322 /* DeviceConnection */,
				30567F7D2C4FF1F700A83322 /* MainMenu */,
				30567F7A2C4FF1D100A83322 /* Authentication */,
				30567F792C4FF1AA00A83322 /* App */,
				301CB9B52C4F14CD00A0D85E /* Info.plist */,
				301CB9B32C4F146700A0D85E /* Services */,
				301CB9B12C4F144F00A0D85E /* Models */,
				301CB98A2C4F0F3200A0D85E /* Assets.xcassets */,
				301CB98C2C4F0F3200A0D85E /* Preview Content */,
				301CB9B62C4F1A1100A0D85E /* TeamPulseModel.xcdatamodeld */,
				301CB9B42C4F148B00A0D85E /* TeamPulseAlpha.entitlements */,
				30B402F72C7A0C1600A84373 /* Storyboard.storyboard */,
			);
			path = TeamPulseAlpha;
			sourceTree = "<group>";
		};
		301CB98C2C4F0F3200A0D85E /* Preview Content */ = {
			isa = PBXGroup;
			children = (
				301CB98D2C4F0F3200A0D85E /* Preview Assets.xcassets */,
			);
			path = "Preview Content";
			sourceTree = "<group>";
		};
		301CB9962C4F0F3200A0D85E /* TeamPulseAlphaTests */ = {
			isa = PBXGroup;
			children = (
				301CB9972C4F0F3200A0D85E /* TeamPulseAlphaTests.swift */,
			);
			path = TeamPulseAlphaTests;
			sourceTree = "<group>";
		};
		301CB9A02C4F0F3200A0D85E /* TeamPulseAlphaUITests */ = {
			isa = PBXGroup;
			children = (
				301CB9A12C4F0F3200A0D85E /* TeamPulseAlphaUITests.swift */,
				301CB9A32C4F0F3200A0D85E /* TeamPulseAlphaUITestsLaunchTests.swift */,
			);
			path = TeamPulseAlphaUITests;
			sourceTree = "<group>";
		};
		301CB9B12C4F144F00A0D85E /* Models */ = {
			isa = PBXGroup;
			children = (
				306173F22C737ABA000BA239 /* CustomTransformers.swift */,
				301CB9D52C4F1DDA00A0D85E /* CoreData */,
			);
			path = Models;
			sourceTree = "<group>";
		};
		301CB9B32C4F146700A0D85E /* Services */ = {
			isa = PBXGroup;
			children = (
				306173DE2C737397000BA239 /* SensorDataProcessing.swift */,
				301CB9C72C4F1BC500A0D85E /* DataManager.swift */,
				301CB9C52C4F1BA900A0D85E /* CoreDataStack.swift */,
				30AEE3E02C513455000687F8 /* BluetoothManager.swift */,
				306174012C737C85000BA239 /* SessionManager.swift */,
				30567F7B2C4FF1E300A83322 /* AuthenticationManager.swift */,
			);
			path = Services;
			sourceTree = "<group>";
		};
		301CB9D52C4F1DDA00A0D85E /* CoreData */ = {
			isa = PBXGroup;
			children = (
				3068C4752C7A7A7F008C4A68 /* ClusterDataEvent+CoreDataClass.swift */,
				3068C4762C7A7A7F008C4A68 /* ClusterDataEvent+CoreDataProperties.swift */,
				3068C4772C7A7A7F008C4A68 /* MatrixDataEvent+CoreDataClass.swift */,
				3068C4782C7A7A7F008C4A68 /* MatrixDataEvent+CoreDataProperties.swift */,
				3068C4792C7A7A7F008C4A68 /* SensorDataEvent+CoreDataClass.swift */,
				3068C47A2C7A7A7F008C4A68 /* SensorDataEvent+CoreDataProperties.swift */,
				3068C47B2C7A7A7F008C4A68 /* SensorEntity+CoreDataClass.swift */,
				3068C47C2C7A7A7F008C4A68 /* SensorEntity+CoreDataProperties.swift */,
				3068C47D2C7A7A7F008C4A68 /* SessionEntity+CoreDataClass.swift */,
				3068C47E2C7A7A7F008C4A68 /* SessionEntity+CoreDataProperties.swift */,
			);
			path = CoreData;
			sourceTree = "<group>";
		};
		30567F792C4FF1AA00A83322 /* App */ = {
			isa = PBXGroup;
			children = (
				301CB9862C4F0F3100A0D85E /* TeamPulseAlphaApp.swift */,
			);
			path = App;
			sourceTree = "<group>";
		};
		30567F7A2C4FF1D100A83322 /* Authentication */ = {
			isa = PBXGroup;
			children = (
				30348A0F2C4F20C20041F47D /* AuthView.swift */,
			);
			path = Authentication;
			sourceTree = "<group>";
		};
		30567F7D2C4FF1F700A83322 /* MainMenu */ = {
			isa = PBXGroup;
			children = (
				30348A122C4F20DC0041F47D /* MainMenuView.swift */,
			);
			path = MainMenu;
			sourceTree = "<group>";
		};
		30567F7E2C4FF20400A83322 /* DeviceConnection */ = {
			isa = PBXGroup;
			children = (
				30348A142C4F20F40041F47D /* DeviceConnectionView.swift */,
			);
			path = DeviceConnection;
			sourceTree = "<group>";
		};
		30567F802C4FF23A00A83322 /* SessionList */ = {
			isa = PBXGroup;
			children = (
				30348A182C4F21100041F47D /* SessionListView.swift */,
			);
			path = SessionList;
			sourceTree = "<group>";
		};
		30567F812C4FF24600A83322 /* Settings */ = {
			isa = PBXGroup;
			children = (
				305690F52C7B66A600AA652F /* DataAuthManagementComponent.swift */,
				305690F32C7B666E00AA652F /* SensorSettingsComponent.swift */,
				30348A1A2C4F21260041F47D /* SettingsView.swift */,
			);
			path = Settings;
			sourceTree = "<group>";
		};
		306173D32C736ED2000BA239 /* Animation */ = {
			isa = PBXGroup;
			children = (
				30B402F92C7A19E200A84373 /* AnimationBottomDashboardComponent.swift */,
				30B402FA2C7A19E200A84373 /* AnimationLeftDashboardComponent.swift */,
				306173DA2C736F1E000BA239 /* SessionRecordingComponent.swift */,
				306173D82C736F08000BA239 /* BluetoothStatusComponent.swift */,
				306173D62C736EF6000BA239 /* AnimationComponent.swift */,
				306173D42C736ED8000BA239 /* AnimationView.swift */,
			);
			path = Animation;
			sourceTree = "<group>";
		};
		3075C9212C7CDE30006BB7B0 /* SessionDetail */ = {
			isa = PBXGroup;
			children = (
				3075C92B2C7D127A006BB7B0 /* SessionSensorDataDetailRowView.swift */,
				3075C9282C7CDE71006BB7B0 /* SessionClusterDataDetailView.swift */,
				3075C9262C7CDE57006BB7B0 /* SessionMatriceDataDetailView.swift */,
				3075C9242C7CDE43006BB7B0 /* SessionSensorDataDetailView.swift */,
				3075C9222C7CDE37006BB7B0 /* SessionDetailView.swift */,
			);
			path = SessionDetail;
			sourceTree = "<group>";
		};
		3075C92A2C7CF5F9006BB7B0 /* SessionDetail */ = {
			isa = PBXGroup;
			children = (
				3075C9332C7D1913006BB7B0 /* SessionSensorDataDetailBoxplot.swift */,
				3075C9312C7D1909006BB7B0 /* SessionSensorDataDetailLineIBI.swift */,
				3075C92F2C7D18FE006BB7B0 /* SessionSensorDataDetailLineHRV.swift */,
				3075C92D2C7D18CF006BB7B0 /* SessionSensorDataDetailLineHR.swift */,
			);
			path = SessionDetail;
			sourceTree = "<group>";
		};
		30CB166E2C78FDB10085AAEA /* Scenes */ = {
			isa = PBXGroup;
			children = (
				30CB166F2C78FDB60085AAEA /* AnimationScene.swift */,
			);
			path = Scenes;
			sourceTree = "<group>";
		};
		30CB16712C7906190085AAEA /* Audio */ = {
			isa = PBXGroup;
			children = (
				30CB16722C7906380085AAEA /* backgroundMusic.mp3 */,
				30CB16732C7906380085AAEA /* clusterSound.mp3 */,
			);
			path = Audio;
			sourceTree = "<group>";
		};
		30EB9BBD2C74A576007A619B /* Dashboards */ = {
			isa = PBXGroup;
			children = (
				3075C92A2C7CF5F9006BB7B0 /* SessionDetail */,
				30EB9BBE2C74A581007A619B /* Animation */,
			);
			path = Dashboards;
			sourceTree = "<group>";
		};
		30EB9BBE2C74A581007A619B /* Animation */ = {
			isa = PBXGroup;
			children = (
				30CB166A2C77B4C00085AAEA /* PointcareMapComponent.swift */,
				30EB9BC52C74A607007A619B /* ProximityRingChartComponent.swift */,
				30EB9BC32C74A5E3007A619B /* BoxPlotComponent.swift */,
				30EB9BC92C7500A5007A619B /* LineChartHRComponent.swift */,
				30EB9BCA2C7500A5007A619B /* LineChartHRVComponent.swift */,
			);
			path = Animation;
			sourceTree = "<group>";
		};
/* End PBXGroup section */

/* Begin PBXNativeTarget section */
		301CB9822C4F0F3100A0D85E /* TeamPulseAlpha */ = {
			isa = PBXNativeTarget;
			buildConfigurationList = 301CB9A72C4F0F3200A0D85E /* Build configuration list for PBXNativeTarget "TeamPulseAlpha" */;
			buildPhases = (
				301CB97F2C4F0F3100A0D85E /* Sources */,
				301CB9802C4F0F3100A0D85E /* Frameworks */,
				301CB9812C4F0F3100A0D85E /* Resources */,
			);
			buildRules = (
			);
			dependencies = (
			);
			name = TeamPulseAlpha;
			productName = TeamPulseAlpha;
			productReference = 301CB9832C4F0F3100A0D85E /* TeamPulseAlpha.app */;
			productType = "com.apple.product-type.application";
		};
		301CB9922C4F0F3200A0D85E /* TeamPulseAlphaTests */ = {
			isa = PBXNativeTarget;
			buildConfigurationList = 301CB9AA2C4F0F3200A0D85E /* Build configuration list for PBXNativeTarget "TeamPulseAlphaTests" */;
			buildPhases = (
				301CB98F2C4F0F3200A0D85E /* Sources */,
				301CB9902C4F0F3200A0D85E /* Frameworks */,
				301CB9912C4F0F3200A0D85E /* Resources */,
			);
			buildRules = (
			);
			dependencies = (
				301CB9952C4F0F3200A0D85E /* PBXTargetDependency */,
			);
			name = TeamPulseAlphaTests;
			productName = TeamPulseAlphaTests;
			productReference = 301CB9932C4F0F3200A0D85E /* TeamPulseAlphaTests.xctest */;
			productType = "com.apple.product-type.bundle.unit-test";
		};
		301CB99C2C4F0F3200A0D85E /* TeamPulseAlphaUITests */ = {
			isa = PBXNativeTarget;
			buildConfigurationList = 301CB9AD2C4F0F3200A0D85E /* Build configuration list for PBXNativeTarget "TeamPulseAlphaUITests" */;
			buildPhases = (
				301CB9992C4F0F3200A0D85E /* Sources */,
				301CB99A2C4F0F3200A0D85E /* Frameworks */,
				301CB99B2C4F0F3200A0D85E /* Resources */,
			);
			buildRules = (
			);
			dependencies = (
				301CB99F2C4F0F3200A0D85E /* PBXTargetDependency */,
			);
			name = TeamPulseAlphaUITests;
			productName = TeamPulseAlphaUITests;
			productReference = 301CB99D2C4F0F3200A0D85E /* TeamPulseAlphaUITests.xctest */;
			productType = "com.apple.product-type.bundle.ui-testing";
		};
/* End PBXNativeTarget section */

/* Begin PBXProject section */
		301CB97B2C4F0F3100A0D85E /* Project object */ = {
			isa = PBXProject;
			attributes = {
				BuildIndependentTargetsInParallel = 1;
				LastSwiftUpdateCheck = 1600;
				LastUpgradeCheck = 1600;
				TargetAttributes = {
					301CB9822C4F0F3100A0D85E = {
						CreatedOnToolsVersion = 16.0;
					};
					301CB9922C4F0F3200A0D85E = {
						CreatedOnToolsVersion = 16.0;
						TestTargetID = 301CB9822C4F0F3100A0D85E;
					};
					301CB99C2C4F0F3200A0D85E = {
						CreatedOnToolsVersion = 16.0;
						TestTargetID = 301CB9822C4F0F3100A0D85E;
					};
				};
			};
			buildConfigurationList = 301CB97E2C4F0F3100A0D85E /* Build configuration list for PBXProject "TeamPulseAlpha" */;
			compatibilityVersion = "Xcode 15.0";
			developmentRegion = en;
			hasScannedForEncodings = 0;
			knownRegions = (
				en,
				Base,
			);
			mainGroup = 301CB97A2C4F0F3100A0D85E;
			productRefGroup = 301CB9842C4F0F3100A0D85E /* Products */;
			projectDirPath = "";
			projectRoot = "";
			targets = (
				301CB9822C4F0F3100A0D85E /* TeamPulseAlpha */,
				301CB9922C4F0F3200A0D85E /* TeamPulseAlphaTests */,
				301CB99C2C4F0F3200A0D85E /* TeamPulseAlphaUITests */,
			);
		};
/* End PBXProject section */

/* Begin PBXResourcesBuildPhase section */
		301CB9812C4F0F3100A0D85E /* Resources */ = {
			isa = PBXResourcesBuildPhase;
			buildActionMask = 2147483647;
			files = (
				301CB98E2C4F0F3200A0D85E /* Preview Assets.xcassets in Resources */,
				301CB98B2C4F0F3200A0D85E /* Assets.xcassets in Resources */,
				30CB16742C7906380085AAEA /* clusterSound.mp3 in Resources */,
				30CB16752C7906380085AAEA /* backgroundMusic.mp3 in Resources */,
				30B402F82C7A0C1600A84373 /* Storyboard.storyboard in Resources */,
			);
			runOnlyForDeploymentPostprocessing = 0;
		};
		301CB9912C4F0F3200A0D85E /* Resources */ = {
			isa = PBXResourcesBuildPhase;
			buildActionMask = 2147483647;
			files = (
			);
			runOnlyForDeploymentPostprocessing = 0;
		};
		301CB99B2C4F0F3200A0D85E /* Resources */ = {
			isa = PBXResourcesBuildPhase;
			buildActionMask = 2147483647;
			files = (
			);
			runOnlyForDeploymentPostprocessing = 0;
		};
/* End PBXResourcesBuildPhase section */

/* Begin PBXSourcesBuildPhase section */
		301CB97F2C4F0F3100A0D85E /* Sources */ = {
			isa = PBXSourcesBuildPhase;
			buildActionMask = 2147483647;
			files = (
				30348A152C4F20F40041F47D /* DeviceConnectionView.swift in Sources */,
				306173D52C736EDD000BA239 /* AnimationView.swift in Sources */,
				3075C9322C7D190F006BB7B0 /* SessionSensorDataDetailLineIBI.swift in Sources */,
				30EB9BC42C74A5EE007A619B /* BoxPlotComponent.swift in Sources */,
				301CB9C62C4F1BAA00A0D85E /* CoreDataStack.swift in Sources */,
				30348A102C4F20C20041F47D /* AuthView.swift in Sources */,
				3075C9342C7D191B006BB7B0 /* SessionSensorDataDetailBoxplot.swift in Sources */,
				30B402FB2C7A19E200A84373 /* AnimationLeftDashboardComponent.swift in Sources */,
				30B402FC2C7A19E200A84373 /* AnimationBottomDashboardComponent.swift in Sources */,
				3075C9292C7CDE7A006BB7B0 /* SessionClusterDataDetailView.swift in Sources */,
				306174022C737C88000BA239 /* SessionManager.swift in Sources */,
				30AEE3E12C513459000687F8 /* BluetoothManager.swift in Sources */,
				3068C47F2C7A7A7F008C4A68 /* ClusterDataEvent+CoreDataClass.swift in Sources */,
				3068C4802C7A7A7F008C4A68 /* ClusterDataEvent+CoreDataProperties.swift in Sources */,
				3068C4812C7A7A7F008C4A68 /* MatrixDataEvent+CoreDataClass.swift in Sources */,
				3068C4822C7A7A7F008C4A68 /* MatrixDataEvent+CoreDataProperties.swift in Sources */,
				305690F62C7B66AD00AA652F /* DataAuthManagementComponent.swift in Sources */,
				3068C4832C7A7A7F008C4A68 /* SensorDataEvent+CoreDataClass.swift in Sources */,
				3068C4842C7A7A7F008C4A68 /* SensorDataEvent+CoreDataProperties.swift in Sources */,
				3068C4852C7A7A7F008C4A68 /* SensorEntity+CoreDataClass.swift in Sources */,
				3068C4862C7A7A7F008C4A68 /* SensorEntity+CoreDataProperties.swift in Sources */,
				3068C4872C7A7A7F008C4A68 /* SessionEntity+CoreDataClass.swift in Sources */,
				3068C4882C7A7A7F008C4A68 /* SessionEntity+CoreDataProperties.swift in Sources */,
				306173F32C737ABD000BA239 /* CustomTransformers.swift in Sources */,
				301CB9C82C4F1BC800A0D85E /* DataManager.swift in Sources */,
				30348A1B2C4F21260041F47D /* SettingsView.swift in Sources */,
				301CB9B82C4F1A1100A0D85E /* TeamPulseModel.xcdatamodeld in Sources */,
				30CB166B2C77B4C90085AAEA /* PointcareMapComponent.swift in Sources */,
				30567F7C2C4FF1E800A83322 /* AuthenticationManager.swift in Sources */,
				3075C92E2C7D18F0006BB7B0 /* SessionSensorDataDetailLineHR.swift in Sources */,
				30EB9BCB2C7500A5007A619B /* LineChartHRVComponent.swift in Sources */,
				30EB9BCC2C7500A5007A619B /* LineChartHRComponent.swift in Sources */,
				30EB9BC62C74A60E007A619B /* ProximityRingChartComponent.swift in Sources */,
				306173D92C736F0E000BA239 /* BluetoothStatusComponent.swift in Sources */,
				3075C9252C7CDE51006BB7B0 /* SessionSensorDataDetailView.swift in Sources */,
				306173DB2C736F24000BA239 /* SessionRecordingComponent.swift in Sources */,
				30348A132C4F20DC0041F47D /* MainMenuView.swift in Sources */,
				306173DF2C73739D000BA239 /* SensorDataProcessing.swift in Sources */,
				3075C9272C7CDE6D006BB7B0 /* SessionMatriceDataDetailView.swift in Sources */,
				3075C9302C7D1905006BB7B0 /* SessionSensorDataDetailLineHRV.swift in Sources */,
				30348A192C4F21100041F47D /* SessionListView.swift in Sources */,
				3075C92C2C7D1289006BB7B0 /* SessionSensorDataDetailRowView.swift in Sources */,
				305690F42C7B668000AA652F /* SensorSettingsComponent.swift in Sources */,
				30CB16702C78FDBB0085AAEA /* AnimationScene.swift in Sources */,
				306173D72C736EFB000BA239 /* AnimationComponent.swift in Sources */,
				3075C9232C7CDE3C006BB7B0 /* SessionDetailView.swift in Sources */,
				301CB9872C4F0F3100A0D85E /* TeamPulseAlphaApp.swift in Sources */,
			);
			runOnlyForDeploymentPostprocessing = 0;
		};
		301CB98F2C4F0F3200A0D85E /* Sources */ = {
			isa = PBXSourcesBuildPhase;
			buildActionMask = 2147483647;
			files = (
				301CB9982C4F0F3200A0D85E /* TeamPulseAlphaTests.swift in Sources */,
			);
			runOnlyForDeploymentPostprocessing = 0;
		};
		301CB9992C4F0F3200A0D85E /* Sources */ = {
			isa = PBXSourcesBuildPhase;
			buildActionMask = 2147483647;
			files = (
				301CB9A42C4F0F3200A0D85E /* TeamPulseAlphaUITestsLaunchTests.swift in Sources */,
				301CB9A22C4F0F3200A0D85E /* TeamPulseAlphaUITests.swift in Sources */,
			);
			runOnlyForDeploymentPostprocessing = 0;
		};
/* End PBXSourcesBuildPhase section */

/* Begin PBXTargetDependency section */
		301CB9952C4F0F3200A0D85E /* PBXTargetDependency */ = {
			isa = PBXTargetDependency;
			target = 301CB9822C4F0F3100A0D85E /* TeamPulseAlpha */;
			targetProxy = 301CB9942C4F0F3200A0D85E /* PBXContainerItemProxy */;
		};
		301CB99F2C4F0F3200A0D85E /* PBXTargetDependency */ = {
			isa = PBXTargetDependency;
			target = 301CB9822C4F0F3100A0D85E /* TeamPulseAlpha */;
			targetProxy = 301CB99E2C4F0F3200A0D85E /* PBXContainerItemProxy */;
		};
/* End PBXTargetDependency section */

/* Begin XCBuildConfiguration section */
		301CB9A52C4F0F3200A0D85E /* Debug */ = {
			isa = XCBuildConfiguration;
			buildSettings = {
				ALWAYS_SEARCH_USER_PATHS = NO;
				ASSETCATALOG_COMPILER_GENERATE_SWIFT_ASSET_SYMBOL_EXTENSIONS = YES;
				CLANG_ANALYZER_NONNULL = YES;
				CLANG_ANALYZER_NUMBER_OBJECT_CONVERSION = YES_AGGRESSIVE;
				CLANG_CXX_LANGUAGE_STANDARD = "gnu++20";
				CLANG_ENABLE_MODULES = YES;
				CLANG_ENABLE_OBJC_ARC = YES;
				CLANG_ENABLE_OBJC_WEAK = YES;
				CLANG_WARN_BLOCK_CAPTURE_AUTORELEASING = YES;
				CLANG_WARN_BOOL_CONVERSION = YES;
				CLANG_WARN_COMMA = YES;
				CLANG_WARN_CONSTANT_CONVERSION = YES;
				CLANG_WARN_DEPRECATED_OBJC_IMPLEMENTATIONS = YES;
				CLANG_WARN_DIRECT_OBJC_ISA_USAGE = YES_ERROR;
				CLANG_WARN_DOCUMENTATION_COMMENTS = YES;
				CLANG_WARN_EMPTY_BODY = YES;
				CLANG_WARN_ENUM_CONVERSION = YES;
				CLANG_WARN_INFINITE_RECURSION = YES;
				CLANG_WARN_INT_CONVERSION = YES;
				CLANG_WARN_NON_LITERAL_NULL_CONVERSION = YES;
				CLANG_WARN_OBJC_IMPLICIT_RETAIN_SELF = YES;
				CLANG_WARN_OBJC_LITERAL_CONVERSION = YES;
				CLANG_WARN_OBJC_ROOT_CLASS = YES_ERROR;
				CLANG_WARN_QUOTED_INCLUDE_IN_FRAMEWORK_HEADER = YES;
				CLANG_WARN_RANGE_LOOP_ANALYSIS = YES;
				CLANG_WARN_STRICT_PROTOTYPES = YES;
				CLANG_WARN_SUSPICIOUS_MOVE = YES;
				CLANG_WARN_UNGUARDED_AVAILABILITY = YES_AGGRESSIVE;
				CLANG_WARN_UNREACHABLE_CODE = YES;
				CLANG_WARN__DUPLICATE_METHOD_MATCH = YES;
				COPY_PHASE_STRIP = NO;
				DEBUG_INFORMATION_FORMAT = dwarf;
				ENABLE_STRICT_OBJC_MSGSEND = YES;
				ENABLE_TESTABILITY = YES;
				ENABLE_USER_SCRIPT_SANDBOXING = YES;
				GCC_C_LANGUAGE_STANDARD = gnu17;
				GCC_DYNAMIC_NO_PIC = NO;
				GCC_NO_COMMON_BLOCKS = YES;
				GCC_OPTIMIZATION_LEVEL = 0;
				GCC_PREPROCESSOR_DEFINITIONS = (
					"DEBUG=1",
					"$(inherited)",
				);
				GCC_WARN_64_TO_32_BIT_CONVERSION = YES;
				GCC_WARN_ABOUT_RETURN_TYPE = YES_ERROR;
				GCC_WARN_UNDECLARED_SELECTOR = YES;
				GCC_WARN_UNINITIALIZED_AUTOS = YES_AGGRESSIVE;
				GCC_WARN_UNUSED_FUNCTION = YES;
				GCC_WARN_UNUSED_VARIABLE = YES;
				IPHONEOS_DEPLOYMENT_TARGET = 18.0;
				LOCALIZATION_PREFERS_STRING_CATALOGS = YES;
				MTL_ENABLE_DEBUG_INFO = INCLUDE_SOURCE;
				MTL_FAST_MATH = YES;
				ONLY_ACTIVE_ARCH = YES;
				SDKROOT = iphoneos;
				SWIFT_ACTIVE_COMPILATION_CONDITIONS = "DEBUG $(inherited)";
				SWIFT_OPTIMIZATION_LEVEL = "-Onone";
			};
			name = Debug;
		};
		301CB9A62C4F0F3200A0D85E /* Release */ = {
			isa = XCBuildConfiguration;
			buildSettings = {
				ALWAYS_SEARCH_USER_PATHS = NO;
				ASSETCATALOG_COMPILER_GENERATE_SWIFT_ASSET_SYMBOL_EXTENSIONS = YES;
				CLANG_ANALYZER_NONNULL = YES;
				CLANG_ANALYZER_NUMBER_OBJECT_CONVERSION = YES_AGGRESSIVE;
				CLANG_CXX_LANGUAGE_STANDARD = "gnu++20";
				CLANG_ENABLE_MODULES = YES;
				CLANG_ENABLE_OBJC_ARC = YES;
				CLANG_ENABLE_OBJC_WEAK = YES;
				CLANG_WARN_BLOCK_CAPTURE_AUTORELEASING = YES;
				CLANG_WARN_BOOL_CONVERSION = YES;
				CLANG_WARN_COMMA = YES;
				CLANG_WARN_CONSTANT_CONVERSION = YES;
				CLANG_WARN_DEPRECATED_OBJC_IMPLEMENTATIONS = YES;
				CLANG_WARN_DIRECT_OBJC_ISA_USAGE = YES_ERROR;
				CLANG_WARN_DOCUMENTATION_COMMENTS = YES;
				CLANG_WARN_EMPTY_BODY = YES;
				CLANG_WARN_ENUM_CONVERSION = YES;
				CLANG_WARN_INFINITE_RECURSION = YES;
				CLANG_WARN_INT_CONVERSION = YES;
				CLANG_WARN_NON_LITERAL_NULL_CONVERSION = YES;
				CLANG_WARN_OBJC_IMPLICIT_RETAIN_SELF = YES;
				CLANG_WARN_OBJC_LITERAL_CONVERSION = YES;
				CLANG_WARN_OBJC_ROOT_CLASS = YES_ERROR;
				CLANG_WARN_QUOTED_INCLUDE_IN_FRAMEWORK_HEADER = YES;
				CLANG_WARN_RANGE_LOOP_ANALYSIS = YES;
				CLANG_WARN_STRICT_PROTOTYPES = YES;
				CLANG_WARN_SUSPICIOUS_MOVE = YES;
				CLANG_WARN_UNGUARDED_AVAILABILITY = YES_AGGRESSIVE;
				CLANG_WARN_UNREACHABLE_CODE = YES;
				CLANG_WARN__DUPLICATE_METHOD_MATCH = YES;
				COPY_PHASE_STRIP = NO;
				DEBUG_INFORMATION_FORMAT = "dwarf-with-dsym";
				ENABLE_NS_ASSERTIONS = NO;
				ENABLE_STRICT_OBJC_MSGSEND = YES;
				ENABLE_USER_SCRIPT_SANDBOXING = YES;
				GCC_C_LANGUAGE_STANDARD = gnu17;
				GCC_NO_COMMON_BLOCKS = YES;
				GCC_WARN_64_TO_32_BIT_CONVERSION = YES;
				GCC_WARN_ABOUT_RETURN_TYPE = YES_ERROR;
				GCC_WARN_UNDECLARED_SELECTOR = YES;
				GCC_WARN_UNINITIALIZED_AUTOS = YES_AGGRESSIVE;
				GCC_WARN_UNUSED_FUNCTION = YES;
				GCC_WARN_UNUSED_VARIABLE = YES;
				IPHONEOS_DEPLOYMENT_TARGET = 18.0;
				LOCALIZATION_PREFERS_STRING_CATALOGS = YES;
				MTL_ENABLE_DEBUG_INFO = NO;
				MTL_FAST_MATH = YES;
				SDKROOT = iphoneos;
				SWIFT_COMPILATION_MODE = wholemodule;
				VALIDATE_PRODUCT = YES;
			};
			name = Release;
		};
		301CB9A82C4F0F3200A0D85E /* Debug */ = {
			isa = XCBuildConfiguration;
			buildSettings = {
				ASSETCATALOG_COMPILER_APPICON_NAME = AppIcon;
				ASSETCATALOG_COMPILER_GLOBAL_ACCENT_COLOR_NAME = AccentColor;
				CODE_SIGN_ENTITLEMENTS = TeamPulseAlpha/TeamPulseAlpha.entitlements;
				CODE_SIGN_STYLE = Automatic;
				CURRENT_PROJECT_VERSION = 1;
				DEVELOPMENT_ASSET_PATHS = "\"TeamPulseAlpha/Preview Content\"";
				DEVELOPMENT_TEAM = 2Z2SSJ3CV9;
				ENABLE_PREVIEWS = YES;
				GENERATE_INFOPLIST_FILE = YES;
				INFOPLIST_FILE = TeamPulseAlpha/Info.plist;
				INFOPLIST_KEY_NSBluetoothAlwaysUsageDescription = "We need Bluetooth access to connect to heart rate sensors.";
				INFOPLIST_KEY_NSBluetoothPeripheralUsageDescription = "We need Bluetooth access to connect to heart rate sensors.";
				INFOPLIST_KEY_NSFaceIDUsageDescription = "We need to use Face ID for secure authentication.";
				INFOPLIST_KEY_UIApplicationSceneManifest_Generation = YES;
				INFOPLIST_KEY_UIApplicationSupportsIndirectInputEvents = YES;
				INFOPLIST_KEY_UILaunchScreen_Generation = YES;
				INFOPLIST_KEY_UILaunchStoryboardName = Storyboard.storyboard;
				INFOPLIST_KEY_UIStatusBarStyle = "";
				INFOPLIST_KEY_UISupportedInterfaceOrientations = "UIInterfaceOrientationLandscapeLeft UIInterfaceOrientationLandscapeRight UIInterfaceOrientationPortrait";
				INFOPLIST_KEY_UISupportedInterfaceOrientations_iPad = "UIInterfaceOrientationLandscapeLeft UIInterfaceOrientationLandscapeRight";
				LD_RUNPATH_SEARCH_PATHS = (
					"$(inherited)",
					"@executable_path/Frameworks",
				);
				MARKETING_VERSION = 1.0;
				PRODUCT_BUNDLE_IDENTIFIER = com.ullolabs.TeamPulseAlpha;
				PRODUCT_NAME = "$(TARGET_NAME)";
				SWIFT_EMIT_LOC_STRINGS = YES;
				SWIFT_VERSION = 5.0;
				TARGETED_DEVICE_FAMILY = "1,2";
			};
			name = Debug;
		};
		301CB9A92C4F0F3200A0D85E /* Release */ = {
			isa = XCBuildConfiguration;
			buildSettings = {
				ASSETCATALOG_COMPILER_APPICON_NAME = AppIcon;
				ASSETCATALOG_COMPILER_GLOBAL_ACCENT_COLOR_NAME = AccentColor;
				CODE_SIGN_ENTITLEMENTS = TeamPulseAlpha/TeamPulseAlpha.entitlements;
				CODE_SIGN_STYLE = Automatic;
				CURRENT_PROJECT_VERSION = 1;
				DEVELOPMENT_ASSET_PATHS = "\"TeamPulseAlpha/Preview Content\"";
				DEVELOPMENT_TEAM = 2Z2SSJ3CV9;
				ENABLE_PREVIEWS = YES;
				GENERATE_INFOPLIST_FILE = YES;
				INFOPLIST_FILE = TeamPulseAlpha/Info.plist;
				INFOPLIST_KEY_NSBluetoothAlwaysUsageDescription = "We need Bluetooth access to connect to heart rate sensors.";
				INFOPLIST_KEY_NSBluetoothPeripheralUsageDescription = "We need Bluetooth access to connect to heart rate sensors.";
				INFOPLIST_KEY_NSFaceIDUsageDescription = "We need to use Face ID for secure authentication.";
				INFOPLIST_KEY_UIApplicationSceneManifest_Generation = YES;
				INFOPLIST_KEY_UIApplicationSupportsIndirectInputEvents = YES;
				INFOPLIST_KEY_UILaunchScreen_Generation = YES;
				INFOPLIST_KEY_UILaunchStoryboardName = Storyboard.storyboard;
				INFOPLIST_KEY_UIStatusBarStyle = "";
				INFOPLIST_KEY_UISupportedInterfaceOrientations = "UIInterfaceOrientationLandscapeLeft UIInterfaceOrientationLandscapeRight UIInterfaceOrientationPortrait";
				INFOPLIST_KEY_UISupportedInterfaceOrientations_iPad = "UIInterfaceOrientationLandscapeLeft UIInterfaceOrientationLandscapeRight";
				LD_RUNPATH_SEARCH_PATHS = (
					"$(inherited)",
					"@executable_path/Frameworks",
				);
				MARKETING_VERSION = 1.0;
				PRODUCT_BUNDLE_IDENTIFIER = com.ullolabs.TeamPulseAlpha;
				PRODUCT_NAME = "$(TARGET_NAME)";
				SWIFT_EMIT_LOC_STRINGS = YES;
				SWIFT_VERSION = 5.0;
				TARGETED_DEVICE_FAMILY = "1,2";
			};
			name = Release;
		};
		301CB9AB2C4F0F3200A0D85E /* Debug */ = {
			isa = XCBuildConfiguration;
			buildSettings = {
				BUNDLE_LOADER = "$(TEST_HOST)";
				CODE_SIGN_STYLE = Automatic;
				CURRENT_PROJECT_VERSION = 1;
				DEVELOPMENT_TEAM = 2Z2SSJ3CV9;
				GENERATE_INFOPLIST_FILE = YES;
				IPHONEOS_DEPLOYMENT_TARGET = 18.0;
				MARKETING_VERSION = 1.0;
				PRODUCT_BUNDLE_IDENTIFIER = com.ullolabs.TeamPulseAlphaTests;
				PRODUCT_NAME = "$(TARGET_NAME)";
				SWIFT_EMIT_LOC_STRINGS = NO;
				SWIFT_VERSION = 5.0;
				TARGETED_DEVICE_FAMILY = "1,2";
				TEST_HOST = "$(BUILT_PRODUCTS_DIR)/TeamPulseAlpha.app/$(BUNDLE_EXECUTABLE_FOLDER_PATH)/TeamPulseAlpha";
			};
			name = Debug;
		};
		301CB9AC2C4F0F3200A0D85E /* Release */ = {
			isa = XCBuildConfiguration;
			buildSettings = {
				BUNDLE_LOADER = "$(TEST_HOST)";
				CODE_SIGN_STYLE = Automatic;
				CURRENT_PROJECT_VERSION = 1;
				DEVELOPMENT_TEAM = 2Z2SSJ3CV9;
				GENERATE_INFOPLIST_FILE = YES;
				IPHONEOS_DEPLOYMENT_TARGET = 18.0;
				MARKETING_VERSION = 1.0;
				PRODUCT_BUNDLE_IDENTIFIER = com.ullolabs.TeamPulseAlphaTests;
				PRODUCT_NAME = "$(TARGET_NAME)";
				SWIFT_EMIT_LOC_STRINGS = NO;
				SWIFT_VERSION = 5.0;
				TARGETED_DEVICE_FAMILY = "1,2";
				TEST_HOST = "$(BUILT_PRODUCTS_DIR)/TeamPulseAlpha.app/$(BUNDLE_EXECUTABLE_FOLDER_PATH)/TeamPulseAlpha";
			};
			name = Release;
		};
		301CB9AE2C4F0F3200A0D85E /* Debug */ = {
			isa = XCBuildConfiguration;
			buildSettings = {
				CODE_SIGN_STYLE = Automatic;
				CURRENT_PROJECT_VERSION = 1;
				DEVELOPMENT_TEAM = 2Z2SSJ3CV9;
				GENERATE_INFOPLIST_FILE = YES;
				MARKETING_VERSION = 1.0;
				PRODUCT_BUNDLE_IDENTIFIER = com.ullolabs.TeamPulseAlphaUITests;
				PRODUCT_NAME = "$(TARGET_NAME)";
				SWIFT_EMIT_LOC_STRINGS = NO;
				SWIFT_VERSION = 5.0;
				TARGETED_DEVICE_FAMILY = "1,2";
				TEST_TARGET_NAME = TeamPulseAlpha;
			};
			name = Debug;
		};
		301CB9AF2C4F0F3200A0D85E /* Release */ = {
			isa = XCBuildConfiguration;
			buildSettings = {
				CODE_SIGN_STYLE = Automatic;
				CURRENT_PROJECT_VERSION = 1;
				DEVELOPMENT_TEAM = 2Z2SSJ3CV9;
				GENERATE_INFOPLIST_FILE = YES;
				MARKETING_VERSION = 1.0;
				PRODUCT_BUNDLE_IDENTIFIER = com.ullolabs.TeamPulseAlphaUITests;
				PRODUCT_NAME = "$(TARGET_NAME)";
				SWIFT_EMIT_LOC_STRINGS = NO;
				SWIFT_VERSION = 5.0;
				TARGETED_DEVICE_FAMILY = "1,2";
				TEST_TARGET_NAME = TeamPulseAlpha;
			};
			name = Release;
		};
/* End XCBuildConfiguration section */

/* Begin XCConfigurationList section */
		301CB97E2C4F0F3100A0D85E /* Build configuration list for PBXProject "TeamPulseAlpha" */ = {
			isa = XCConfigurationList;
			buildConfigurations = (
				301CB9A52C4F0F3200A0D85E /* Debug */,
				301CB9A62C4F0F3200A0D85E /* Release */,
			);
			defaultConfigurationIsVisible = 0;
			defaultConfigurationName = Release;
		};
		301CB9A72C4F0F3200A0D85E /* Build configuration list for PBXNativeTarget "TeamPulseAlpha" */ = {
			isa = XCConfigurationList;
			buildConfigurations = (
				301CB9A82C4F0F3200A0D85E /* Debug */,
				301CB9A92C4F0F3200A0D85E /* Release */,
			);
			defaultConfigurationIsVisible = 0;
			defaultConfigurationName = Release;
		};
		301CB9AA2C4F0F3200A0D85E /* Build configuration list for PBXNativeTarget "TeamPulseAlphaTests" */ = {
			isa = XCConfigurationList;
			buildConfigurations = (
				301CB9AB2C4F0F3200A0D85E /* Debug */,
				301CB9AC2C4F0F3200A0D85E /* Release */,
			);
			defaultConfigurationIsVisible = 0;
			defaultConfigurationName = Release;
		};
		301CB9AD2C4F0F3200A0D85E /* Build configuration list for PBXNativeTarget "TeamPulseAlphaUITests" */ = {
			isa = XCConfigurationList;
			buildConfigurations = (
				301CB9AE2C4F0F3200A0D85E /* Debug */,
				301CB9AF2C4F0F3200A0D85E /* Release */,
			);
			defaultConfigurationIsVisible = 0;
			defaultConfigurationName = Release;
		};
/* End XCConfigurationList section */

/* Begin XCVersionGroup section */
		301CB9B62C4F1A1100A0D85E /* TeamPulseModel.xcdatamodeld */ = {
			isa = XCVersionGroup;
			children = (
				301CB9B72C4F1A1100A0D85E /* TeamPulseModel.xcdatamodel */,
			);
			currentVersion = 301CB9B72C4F1A1100A0D85E /* TeamPulseModel.xcdatamodel */;
			path = TeamPulseModel.xcdatamodeld;
			sourceTree = "<group>";
			versionGroupType = wrapper.xcdatamodel;
		};
/* End XCVersionGroup section */
	};
	rootObject = 301CB97B2C4F0F3100A0D85E /* Project object */;
}
